// !$*UTF8*$!
{
	archiveVersion = 1;
	classes = {
	};
	objectVersion = 50;
	objects = {

/* Begin PBXBuildFile section */
		E837C114224315AD00CFB911 /* AppDelegate.swift in Sources */ = {isa = PBXBuildFile; fileRef = E837C113224315AD00CFB911 /* AppDelegate.swift */; };
		E837C116224315AD00CFB911 /* ViewController.swift in Sources */ = {isa = PBXBuildFile; fileRef = E837C115224315AD00CFB911 /* ViewController.swift */; };
		E837C11B224315AE00CFB911 /* Assets.xcassets in Resources */ = {isa = PBXBuildFile; fileRef = E837C11A224315AE00CFB911 /* Assets.xcassets */; };
		E837C17522431AF600CFB911 /* NetworkingServiceTests.swift in Sources */ = {isa = PBXBuildFile; fileRef = E837C17422431AF600CFB911 /* NetworkingServiceTests.swift */; };
		E837C1772243255C00CFB911 /* NetworkingService.swift in Sources */ = {isa = PBXBuildFile; fileRef = E837C1762243255C00CFB911 /* NetworkingService.swift */; };
		E837C17A224329FD00CFB911 /* APOD.swift in Sources */ = {isa = PBXBuildFile; fileRef = E837C179224329FD00CFB911 /* APOD.swift */; };
		E837C1802243400D00CFB911 /* APODTests.swift in Sources */ = {isa = PBXBuildFile; fileRef = E837C17F2243400D00CFB911 /* APODTests.swift */; };
/* End PBXBuildFile section */

/* Begin PBXContainerItemProxy section */
		E837C125224315AF00CFB911 /* PBXContainerItemProxy */ = {
			isa = PBXContainerItemProxy;
			containerPortal = E837C108224315AD00CFB911 /* Project object */;
			proxyType = 1;
			remoteGlobalIDString = E837C10F224315AD00CFB911;
			remoteInfo = Networking;
		};
/* End PBXContainerItemProxy section */

/* Begin PBXFileReference section */
		E837C110224315AD00CFB911 /* Networking.app */ = {isa = PBXFileReference; explicitFileType = wrapper.application; includeInIndex = 0; path = Networking.app; sourceTree = BUILT_PRODUCTS_DIR; };
		E837C113224315AD00CFB911 /* AppDelegate.swift */ = {isa = PBXFileReference; lastKnownFileType = sourcecode.swift; path = AppDelegate.swift; sourceTree = "<group>"; };
		E837C115224315AD00CFB911 /* ViewController.swift */ = {isa = PBXFileReference; lastKnownFileType = sourcecode.swift; path = ViewController.swift; sourceTree = "<group>"; };
		E837C11A224315AE00CFB911 /* Assets.xcassets */ = {isa = PBXFileReference; lastKnownFileType = folder.assetcatalog; path = Assets.xcassets; sourceTree = "<group>"; };
		E837C11F224315AE00CFB911 /* Info.plist */ = {isa = PBXFileReference; lastKnownFileType = text.plist.xml; path = Info.plist; sourceTree = "<group>"; };
		E837C124224315AF00CFB911 /* NetworkingTests.xctest */ = {isa = PBXFileReference; explicitFileType = wrapper.cfbundle; includeInIndex = 0; path = NetworkingTests.xctest; sourceTree = BUILT_PRODUCTS_DIR; };
		E837C12A224315AF00CFB911 /* Info.plist */ = {isa = PBXFileReference; lastKnownFileType = text.plist.xml; path = Info.plist; sourceTree = "<group>"; };
		E837C17422431AF600CFB911 /* NetworkingServiceTests.swift */ = {isa = PBXFileReference; lastKnownFileType = sourcecode.swift; path = NetworkingServiceTests.swift; sourceTree = "<group>"; };
		E837C1762243255C00CFB911 /* NetworkingService.swift */ = {isa = PBXFileReference; lastKnownFileType = sourcecode.swift; path = NetworkingService.swift; sourceTree = "<group>"; };
		E837C179224329FD00CFB911 /* APOD.swift */ = {isa = PBXFileReference; lastKnownFileType = sourcecode.swift; path = APOD.swift; sourceTree = "<group>"; };
		E837C17F2243400D00CFB911 /* APODTests.swift */ = {isa = PBXFileReference; lastKnownFileType = sourcecode.swift; path = APODTests.swift; sourceTree = "<group>"; };
/* End PBXFileReference section */

/* Begin PBXFrameworksBuildPhase section */
		E837C10D224315AD00CFB911 /* Frameworks */ = {
			isa = PBXFrameworksBuildPhase;
			buildActionMask = 2147483647;
			files = (
			);
			runOnlyForDeploymentPostprocessing = 0;
		};
		E837C121224315AF00CFB911 /* Frameworks */ = {
			isa = PBXFrameworksBuildPhase;
			buildActionMask = 2147483647;
			files = (
			);
			runOnlyForDeploymentPostprocessing = 0;
		};
/* End PBXFrameworksBuildPhase section */

/* Begin PBXGroup section */
		E837C107224315AD00CFB911 = {
			isa = PBXGroup;
			children = (
				E837C112224315AD00CFB911 /* Networking */,
				E837C127224315AF00CFB911 /* NetworkingTests */,
				E837C111224315AD00CFB911 /* Products */,
			);
			sourceTree = "<group>";
		};
		E837C111224315AD00CFB911 /* Products */ = {
			isa = PBXGroup;
			children = (
				E837C110224315AD00CFB911 /* Networking.app */,
				E837C124224315AF00CFB911 /* NetworkingTests.xctest */,
			);
			name = Products;
			sourceTree = "<group>";
		};
		E837C112224315AD00CFB911 /* Networking */ = {
			isa = PBXGroup;
			children = (
				E837C113224315AD00CFB911 /* AppDelegate.swift */,
				E837C17022431A6B00CFB911 /* Configs */,
				E837C17222431AD100CFB911 /* Resources */,
				E837C178224329F000CFB911 /* Model */,
				E837C17122431AC500CFB911 /* Main */,
				E837C17322431ADC00CFB911 /* NetworkingService */,
			);
			path = Networking;
			sourceTree = "<group>";
		};
		E837C127224315AF00CFB911 /* NetworkingTests */ = {
			isa = PBXGroup;
			children = (
				E837C17422431AF600CFB911 /* NetworkingServiceTests.swift */,
				E837C17F2243400D00CFB911 /* APODTests.swift */,
				E837C12A224315AF00CFB911 /* Info.plist */,
			);
			path = NetworkingTests;
			sourceTree = "<group>";
		};
		E837C17022431A6B00CFB911 /* Configs */ = {
			isa = PBXGroup;
			children = (
				E837C11F224315AE00CFB911 /* Info.plist */,
			);
			path = Configs;
			sourceTree = "<group>";
		};
		E837C17122431AC500CFB911 /* Main */ = {
			isa = PBXGroup;
			children = (
				E837C115224315AD00CFB911 /* ViewController.swift */,
			);
			path = Main;
			sourceTree = "<group>";
		};
		E837C17222431AD100CFB911 /* Resources */ = {
			isa = PBXGroup;
			children = (
				E837C11A224315AE00CFB911 /* Assets.xcassets */,
			);
			path = Resources;
			sourceTree = "<group>";
		};
		E837C17322431ADC00CFB911 /* NetworkingService */ = {
			isa = PBXGroup;
			children = (
				E837C1762243255C00CFB911 /* NetworkingService.swift */,
			);
			path = NetworkingService;
			sourceTree = "<group>";
		};
		E837C178224329F000CFB911 /* Model */ = {
			isa = PBXGroup;
			children = (
				E837C179224329FD00CFB911 /* APOD.swift */,
			);
			path = Model;
			sourceTree = "<group>";
		};
/* End PBXGroup section */

/* Begin PBXNativeTarget section */
		E837C10F224315AD00CFB911 /* Networking */ = {
			isa = PBXNativeTarget;
			buildConfigurationList = E837C12D224315AF00CFB911 /* Build configuration list for PBXNativeTarget "Networking" */;
			buildPhases = (
				E837C10C224315AD00CFB911 /* Sources */,
				E837C10D224315AD00CFB911 /* Frameworks */,
				E837C10E224315AD00CFB911 /* Resources */,
			);
			buildRules = (
			);
			dependencies = (
			);
			name = Networking;
			productName = Networking;
			productReference = E837C110224315AD00CFB911 /* Networking.app */;
			productType = "com.apple.product-type.application";
		};
		E837C123224315AF00CFB911 /* NetworkingTests */ = {
			isa = PBXNativeTarget;
			buildConfigurationList = E837C130224315AF00CFB911 /* Build configuration list for PBXNativeTarget "NetworkingTests" */;
			buildPhases = (
				E837C120224315AF00CFB911 /* Sources */,
				E837C121224315AF00CFB911 /* Frameworks */,
				E837C122224315AF00CFB911 /* Resources */,
			);
			buildRules = (
			);
			dependencies = (
				E837C126224315AF00CFB911 /* PBXTargetDependency */,
			);
			name = NetworkingTests;
			productName = NetworkingTests;
			productReference = E837C124224315AF00CFB911 /* NetworkingTests.xctest */;
			productType = "com.apple.product-type.bundle.unit-test";
		};
/* End PBXNativeTarget section */

/* Begin PBXProject section */
		E837C108224315AD00CFB911 /* Project object */ = {
			isa = PBXProject;
			attributes = {
				LastSwiftUpdateCheck = 1010;
				LastUpgradeCheck = 1010;
				ORGANIZATIONNAME = jklabs;
				TargetAttributes = {
					E837C10F224315AD00CFB911 = {
						CreatedOnToolsVersion = 10.1;
					};
					E837C123224315AF00CFB911 = {
						CreatedOnToolsVersion = 10.1;
						TestTargetID = E837C10F224315AD00CFB911;
					};
				};
			};
			buildConfigurationList = E837C10B224315AD00CFB911 /* Build configuration list for PBXProject "Networking" */;
			compatibilityVersion = "Xcode 9.3";
			developmentRegion = en;
			hasScannedForEncodings = 0;
			knownRegions = (
				en,
				Base,
			);
			mainGroup = E837C107224315AD00CFB911;
			productRefGroup = E837C111224315AD00CFB911 /* Products */;
			projectDirPath = "";
			projectRoot = "";
			targets = (
				E837C10F224315AD00CFB911 /* Networking */,
				E837C123224315AF00CFB911 /* NetworkingTests */,
			);
		};
/* End PBXProject section */

/* Begin PBXResourcesBuildPhase section */
		E837C10E224315AD00CFB911 /* Resources */ = {
			isa = PBXResourcesBuildPhase;
			buildActionMask = 2147483647;
			files = (
				E837C11B224315AE00CFB911 /* Assets.xcassets in Resources */,
			);
			runOnlyForDeploymentPostprocessing = 0;
		};
		E837C122224315AF00CFB911 /* Resources */ = {
			isa = PBXResourcesBuildPhase;
			buildActionMask = 2147483647;
			files = (
			);
			runOnlyForDeploymentPostprocessing = 0;
		};
/* End PBXResourcesBuildPhase section */

/* Begin PBXSourcesBuildPhase section */
		E837C10C224315AD00CFB911 /* Sources */ = {
			isa = PBXSourcesBuildPhase;
			buildActionMask = 2147483647;
			files = (
				E837C1772243255C00CFB911 /* NetworkingService.swift in Sources */,
				E837C17A224329FD00CFB911 /* APOD.swift in Sources */,
				E837C116224315AD00CFB911 /* ViewController.swift in Sources */,
				E837C114224315AD00CFB911 /* AppDelegate.swift in Sources */,
			);
			runOnlyForDeploymentPostprocessing = 0;
		};
		E837C120224315AF00CFB911 /* Sources */ = {
			isa = PBXSourcesBuildPhase;
			buildActionMask = 2147483647;
			files = (
				E837C17522431AF600CFB911 /* NetworkingServiceTests.swift in Sources */,
				E837C1802243400D00CFB911 /* APODTests.swift in Sources */,
			);
			runOnlyForDeploymentPostprocessing = 0;
		};
/* End PBXSourcesBuildPhase section */

/* Begin PBXTargetDependency section */
		E837C126224315AF00CFB911 /* PBXTargetDependency */ = {
			isa = PBXTargetDependency;
			target = E837C10F224315AD00CFB911 /* Networking */;
			targetProxy = E837C125224315AF00CFB911 /* PBXContainerItemProxy */;
		};
/* End PBXTargetDependency section */

/* Begin XCBuildConfiguration section */
		E837C12B224315AF00CFB911 /* Debug */ = {
			isa = XCBuildConfiguration;
			buildSettings = {
				ALWAYS_SEARCH_USER_PATHS = NO;
				CLANG_ANALYZER_NONNULL = YES;
				CLANG_ANALYZER_NUMBER_OBJECT_CONVERSION = YES_AGGRESSIVE;
				CLANG_CXX_LANGUAGE_STANDARD = "gnu++14";
				CLANG_CXX_LIBRARY = "libc++";
				CLANG_ENABLE_MODULES = YES;
				CLANG_ENABLE_OBJC_ARC = YES;
				CLANG_ENABLE_OBJC_WEAK = YES;
				CLANG_WARN_BLOCK_CAPTURE_AUTORELEASING = YES;
				CLANG_WARN_BOOL_CONVERSION = YES;
				CLANG_WARN_COMMA = YES;
				CLANG_WARN_CONSTANT_CONVERSION = YES;
				CLANG_WARN_DEPRECATED_OBJC_IMPLEMENTATIONS = YES;
				CLANG_WARN_DIRECT_OBJC_ISA_USAGE = YES_ERROR;
				CLANG_WARN_DOCUMENTATION_COMMENTS = YES;
				CLANG_WARN_EMPTY_BODY = YES;
				CLANG_WARN_ENUM_CONVERSION = YES;
				CLANG_WARN_INFINITE_RECURSION = YES;
				CLANG_WARN_INT_CONVERSION = YES;
				CLANG_WARN_NON_LITERAL_NULL_CONVERSION = YES;
				CLANG_WARN_OBJC_IMPLICIT_RETAIN_SELF = YES;
				CLANG_WARN_OBJC_LITERAL_CONVERSION = YES;
				CLANG_WARN_OBJC_ROOT_CLASS = YES_ERROR;
				CLANG_WARN_RANGE_LOOP_ANALYSIS = YES;
				CLANG_WARN_STRICT_PROTOTYPES = YES;
				CLANG_WARN_SUSPICIOUS_MOVE = YES;
				CLANG_WARN_UNGUARDED_AVAILABILITY = YES_AGGRESSIVE;
				CLANG_WARN_UNREACHABLE_CODE = YES;
				CLANG_WARN__DUPLICATE_METHOD_MATCH = YES;
				CODE_SIGN_IDENTITY = "iPhone Developer";
				COPY_PHASE_STRIP = NO;
				DEBUG_INFORMATION_FORMAT = dwarf;
				ENABLE_STRICT_OBJC_MSGSEND = YES;
				ENABLE_TESTABILITY = YES;
				GCC_C_LANGUAGE_STANDARD = gnu11;
				GCC_DYNAMIC_NO_PIC = NO;
				GCC_NO_COMMON_BLOCKS = YES;
				GCC_OPTIMIZATION_LEVEL = 0;
				GCC_PREPROCESSOR_DEFINITIONS = (
					"DEBUG=1",
					"$(inherited)",
				);
				GCC_WARN_64_TO_32_BIT_CONVERSION = YES;
				GCC_WARN_ABOUT_RETURN_TYPE = YES_ERROR;
				GCC_WARN_UNDECLARED_SELECTOR = YES;
				GCC_WARN_UNINITIALIZED_AUTOS = YES_AGGRESSIVE;
				GCC_WARN_UNUSED_FUNCTION = YES;
				GCC_WARN_UNUSED_VARIABLE = YES;
				IPHONEOS_DEPLOYMENT_TARGET = 12.1;
				MTL_ENABLE_DEBUG_INFO = INCLUDE_SOURCE;
				MTL_FAST_MATH = YES;
				ONLY_ACTIVE_ARCH = YES;
				SDKROOT = iphoneos;
				SWIFT_ACTIVE_COMPILATION_CONDITIONS = DEBUG;
				SWIFT_OPTIMIZATION_LEVEL = "-Onone";
			};
			name = Debug;
		};
		E837C12C224315AF00CFB911 /* Release */ = {
			isa = XCBuildConfiguration;
			buildSettings = {
				ALWAYS_SEARCH_USER_PATHS = NO;
				CLANG_ANALYZER_NONNULL = YES;
				CLANG_ANALYZER_NUMBER_OBJECT_CONVERSION = YES_AGGRESSIVE;
				CLANG_CXX_LANGUAGE_STANDARD = "gnu++14";
				CLANG_CXX_LIBRARY = "libc++";
				CLANG_ENABLE_MODULES = YES;
				CLANG_ENABLE_OBJC_ARC = YES;
				CLANG_ENABLE_OBJC_WEAK = YES;
				CLANG_WARN_BLOCK_CAPTURE_AUTORELEASING = YES;
				CLANG_WARN_BOOL_CONVERSION = YES;
				CLANG_WARN_COMMA = YES;
				CLANG_WARN_CONSTANT_CONVERSION = YES;
				CLANG_WARN_DEPRECATED_OBJC_IMPLEMENTATIONS = YES;
				CLANG_WARN_DIRECT_OBJC_ISA_USAGE = YES_ERROR;
				CLANG_WARN_DOCUMENTATION_COMMENTS = YES;
				CLANG_WARN_EMPTY_BODY = YES;
				CLANG_WARN_ENUM_CONVERSION = YES;
				CLANG_WARN_INFINITE_RECURSION = YES;
				CLANG_WARN_INT_CONVERSION = YES;
				CLANG_WARN_NON_LITERAL_NULL_CONVERSION = YES;
				CLANG_WARN_OBJC_IMPLICIT_RETAIN_SELF = YES;
				CLANG_WARN_OBJC_LITERAL_CONVERSION = YES;
				CLANG_WARN_OBJC_ROOT_CLASS = YES_ERROR;
				CLANG_WARN_RANGE_LOOP_ANALYSIS = YES;
				CLANG_WARN_STRICT_PROTOTYPES = YES;
				CLANG_WARN_SUSPICIOUS_MOVE = YES;
				CLANG_WARN_UNGUARDED_AVAILABILITY = YES_AGGRESSIVE;
				CLANG_WARN_UNREACHABLE_CODE = YES;
				CLANG_WARN__DUPLICATE_METHOD_MATCH = YES;
				CODE_SIGN_IDENTITY = "iPhone Developer";
				COPY_PHASE_STRIP = NO;
				DEBUG_INFORMATION_FORMAT = "dwarf-with-dsym";
				ENABLE_NS_ASSERTIONS = NO;
				ENABLE_STRICT_OBJC_MSGSEND = YES;
				GCC_C_LANGUAGE_STANDARD = gnu11;
				GCC_NO_COMMON_BLOCKS = YES;
				GCC_WARN_64_TO_32_BIT_CONVERSION = YES;
				GCC_WARN_ABOUT_RETURN_TYPE = YES_ERROR;
				GCC_WARN_UNDECLARED_SELECTOR = YES;
				GCC_WARN_UNINITIALIZED_AUTOS = YES_AGGRESSIVE;
				GCC_WARN_UNUSED_FUNCTION = YES;
				GCC_WARN_UNUSED_VARIABLE = YES;
				IPHONEOS_DEPLOYMENT_TARGET = 12.1;
				MTL_ENABLE_DEBUG_INFO = NO;
				MTL_FAST_MATH = YES;
				SDKROOT = iphoneos;
				SWIFT_COMPILATION_MODE = wholemodule;
				SWIFT_OPTIMIZATION_LEVEL = "-O";
				VALIDATE_PRODUCT = YES;
			};
			name = Release;
		};
		E837C12E224315AF00CFB911 /* Debug */ = {
			isa = XCBuildConfiguration;
			buildSettings = {
				ASSETCATALOG_COMPILER_APPICON_NAME = AppIcon;
				CODE_SIGN_STYLE = Automatic;
				DEVELOPMENT_TEAM = PFVS2N86DB;
				INFOPLIST_FILE = Networking/Configs/Info.plist;
				IPHONEOS_DEPLOYMENT_TARGET = 11.2;
				LD_RUNPATH_SEARCH_PATHS = (
					"$(inherited)",
					"@executable_path/Frameworks",
				);
				PRODUCT_BUNDLE_IDENTIFIER = com.jklabs.Networking;
				PRODUCT_NAME = "$(TARGET_NAME)";
				SWIFT_VERSION = 4.2;
				TARGETED_DEVICE_FAMILY = 1;
			};
			name = Debug;
		};
		E837C12F224315AF00CFB911 /* Release */ = {
			isa = XCBuildConfiguration;
			buildSettings = {
				ASSETCATALOG_COMPILER_APPICON_NAME = AppIcon;
				CODE_SIGN_STYLE = Automatic;
				DEVELOPMENT_TEAM = PFVS2N86DB;
				INFOPLIST_FILE = Networking/Configs/Info.plist;
				IPHONEOS_DEPLOYMENT_TARGET = 11.2;
				LD_RUNPATH_SEARCH_PATHS = (
					"$(inherited)",
					"@executable_path/Frameworks",
				);
				PRODUCT_BUNDLE_IDENTIFIER = com.jklabs.Networking;
				PRODUCT_NAME = "$(TARGET_NAME)";
				SWIFT_VERSION = 4.2;
				TARGETED_DEVICE_FAMILY = 1;
			};
			name = Release;
		};
		E837C131224315AF00CFB911 /* Debug */ = {
			isa = XCBuildConfiguration;
			buildSettings = {
				ALWAYS_EMBED_SWIFT_STANDARD_LIBRARIES = YES;
				BUNDLE_LOADER = "$(TEST_HOST)";
				CODE_SIGN_STYLE = Automatic;
				DEVELOPMENT_TEAM = PFVS2N86DB;
				INFOPLIST_FILE = NetworkingTests/Info.plist;
				LD_RUNPATH_SEARCH_PATHS = (
					"$(inherited)",
					"@executable_path/Frameworks",
					"@loader_path/Frameworks",
				);
				PRODUCT_BUNDLE_IDENTIFIER = com.jklabs.NetworkingTests;
				PRODUCT_NAME = "$(TARGET_NAME)";
				SWIFT_VERSION = 4.2;
				TARGETED_DEVICE_FAMILY = "1,2";
				TEST_HOST = "$(BUILT_PRODUCTS_DIR)/Networking.app/Networking";
			};
			name = Debug;
		};
		E837C132224315AF00CFB911 /* Release */ = {
			isa = XCBuildConfiguration;
			buildSettings = {
				ALWAYS_EMBED_SWIFT_STANDARD_LIBRARIES = YES;
				BUNDLE_LOADER = "$(TEST_HOST)";
				CODE_SIGN_STYLE = Automatic;
				DEVELOPMENT_TEAM = PFVS2N86DB;
				INFOPLIST_FILE = NetworkingTests/Info.plist;
				LD_RUNPATH_SEARCH_PATHS = (
					"$(inherited)",
					"@executable_path/Frameworks",
					"@loader_path/Frameworks",
				);
				PRODUCT_BUNDLE_IDENTIFIER = com.jklabs.NetworkingTests;
				PRODUCT_NAME = "$(TARGET_NAME)";
				SWIFT_VERSION = 4.2;
				TARGETED_DEVICE_FAMILY = "1,2";
				TEST_HOST = "$(BUILT_PRODUCTS_DIR)/Networking.app/Networking";
			};
			name = Release;
		};
/* End XCBuildConfiguration section */

/* Begin XCConfigurationList section */
		E837C10B224315AD00CFB911 /* Build configuration list for PBXProject "Networking" */ = {
			isa = XCConfigurationList;
			buildConfigurations = (
				E837C12B224315AF00CFB911 /* Debug */,
				E837C12C224315AF00CFB911 /* Release */,
			);
			defaultConfigurationIsVisible = 0;
			defaultConfigurationName = Release;
		};
		E837C12D224315AF00CFB911 /* Build configuration list for PBXNativeTarget "Networking" */ = {
			isa = XCConfigurationList;
			buildConfigurations = (
				E837C12E224315AF00CFB911 /* Debug */,
				E837C12F224315AF00CFB911 /* Release */,
			);
			defaultConfigurationIsVisible = 0;
			defaultConfigurationName = Release;
		};
		E837C130224315AF00CFB911 /* Build configuration list for PBXNativeTarget "NetworkingTests" */ = {
			isa = XCConfigurationList;
			buildConfigurations = (
				E837C131224315AF00CFB911 /* Debug */,
				E837C132224315AF00CFB911 /* Release */,
			);
			defaultConfigurationIsVisible = 0;
			defaultConfigurationName = Release;
		};
/* End XCConfigurationList section */
	};
	rootObject = E837C108224315AD00CFB911 /* Project object */;
}
